<Solution>
  <Folder Name="/docs/">
    <File Path="docs/adr/0001-abstraction-stays-easy-to-modify.md" />
    <File Path="docs/adr/0002-token-choice.md" />
    <File Path="docs/adr/0003-data-access-strategy-entity-framework-core.md" />
    <File Path="docs/adr/0004-identity-management-aspnet-core-identity.md" />
    <File Path="docs/adr/0005-testing-strategy-integration-tests-over-unit-tests.md" />
  </Folder>
  <Folder Name="/Solution Items/">
    <File Path=".editorconfig" />
    <File Path="Directory.Build.props" />
    <File Path="Directory.Packages.props" />
    <File Path="README.md" />
    <File Path="Task.md" />
    <File Path="docker-compose.yaml" />
    <File Path="THIRD-PARTY-NOTICES.md" />
  </Folder>
  <Folder Name="/src/">
    <Project Path="src/Auth.Api/Auth.Api.csproj" />
  </Folder>
  <Folder Name="/tests/">
    <Project Path="tests/Auth.Benchmarks/Auth.Benchmarks.csproj" />
    <Project Path="tests/Auth.Tests/Auth.Tests.csproj" />
  </Folder>
</Solution>
